
Microsoft Visual Studio Solution File, Format Version 12.00
# Visual Studio Version 16
VisualStudioVersion = 16.0.29728.190
MinimumVisualStudioVersion = 10.0.40219.1
Project("{8BC9CEB8-8B4A-11D0-8D11-00A0C91BC942}") = "LinkedLists", "CodeDesignAndDataStructures\CodeDesignAndDataStructures.vcxproj", "{90D4DE6A-C2A1-4152-AF4C-3487C0639346}"
EndProject
Project("{8BC9CEB8-8B4A-11D0-8D11-00A0C91BC942}") = "AIEUnitTests", "AIEUnitTests\AIEUnitTests.vcxproj", "{A81003B0-D793-4705-9175-D8F3F80E060B}"
EndProject
Project("{8BC9CEB8-8B4A-11D0-8D11-00A0C91BC942}") = "BinaryTree", "BinaryTree\BinaryTree.vcxproj", "{FE6C70BD-0711-4907-98A2-5AA5DCF95F91}"
EndProject
Project("{2150E333-8FDC-42A3-9474-1A3956D46DE8}") = "Warmups", "Warmups", "{3266AEAD-6D05-440D-8DE0-141528937C0F}"
EndProject
Project("{8BC9CEB8-8B4A-11D0-8D11-00A0C91BC942}") = "ExplodeString", "Warmups\ExplodeString\ExplodeString.vcxproj", "{794E2FCD-F147-4D91-BB06-6F3A01579904}"
EndProject
Project("{8BC9CEB8-8B4A-11D0-8D11-00A0C91BC942}") = "FindOdd", "Warmups\FindOddWarmUp\FindOddWarmUp.vcxproj", "{9B61CA3A-579B-4232-9685-7EEE0355E3D8}"
EndProject
Project("{8BC9CEB8-8B4A-11D0-8D11-00A0C91BC942}") = "isValidHex", "Warmups\isValidHex\isValidHex.vcxproj", "{E758D4DB-7E32-4FAA-9201-7217E5AD20FC}"
EndProject
Project("{8BC9CEB8-8B4A-11D0-8D11-00A0C91BC942}") = "LetterSharedBetweenTwoWords", "Warmups\LetterSharedBetweenTwoWordsWarmUp\LetterSharedBetweenTwoWordsWarmUp.vcxproj", "{E8D7E8CF-23C7-46F1-9A39-BE4AAC978843}"
EndProject
Project("{8BC9CEB8-8B4A-11D0-8D11-00A0C91BC942}") = "MiniSodoku", "Warmups\MiniSodoku\MiniSodoku.vcxproj", "{081C76F7-CD08-48D4-9E53-B58053682576}"
EndProject
Project("{8BC9CEB8-8B4A-11D0-8D11-00A0C91BC942}") = "LetterShifting", "Warmups\LetterShifting\LetterShifting.vcxproj", "{3ACCD652-74E1-4953-9255-6BFAE17E8A18}"
EndProject
Project("{2150E333-8FDC-42A3-9474-1A3956D46DE8}") = "IPC", "IPC", "{4196FFC3-C57C-4A6B-90B8-56868582C7D1}"
EndProject
Project("{8BC9CEB8-8B4A-11D0-8D11-00A0C91BC942}") = "AIE_Exercise_IPC_Client", "Assessments\IPC\AIE_Exercise_IPC_Client\AIE_Exercise_IPC_Client.vcxproj", "{9F93C435-89E6-4458-829C-99304A5840FC}"
EndProject
Project("{8BC9CEB8-8B4A-11D0-8D11-00A0C91BC942}") = "AIE_Exercise_IPC_Server", "Assessments\IPC\AIE_Exercise_IPC_Server\AIE_Exercise_IPC_Server.vcxproj", "{43E3A42C-33C0-4A18-872F-7DCC16CD227E}"
EndProject
Project("{8BC9CEB8-8B4A-11D0-8D11-00A0C91BC942}") = "AIE_Exercise_IPC_ConsoleDemo", "Assessments\AIE_Exercise_IPC_ConsoleDemo\AIE_Exercise_IPC_ConsoleDemo.vcxproj", "{30671081-35EB-4A8D-A50C-C27E860F34BF}"
EndProject
Project("{8BC9CEB8-8B4A-11D0-8D11-00A0C91BC942}") = "AIE_IPC", "Assessments\AIE_IPC\AIE_IPC.vcxproj", "{1563CD13-E83C-45E6-82AE-97CD058B83DE}"
EndProject
Global
	GlobalSection(SolutionConfigurationPlatforms) = preSolution
		Debug|x64 = Debug|x64
		Debug|x86 = Debug|x86
		Release|x64 = Release|x64
		Release|x86 = Release|x86
	EndGlobalSection
	GlobalSection(ProjectConfigurationPlatforms) = postSolution
		{90D4DE6A-C2A1-4152-AF4C-3487C0639346}.Debug|x64.ActiveCfg = Debug|x64
		{90D4DE6A-C2A1-4152-AF4C-3487C0639346}.Debug|x64.Build.0 = Debug|x64
		{90D4DE6A-C2A1-4152-AF4C-3487C0639346}.Debug|x86.ActiveCfg = Debug|Win32
		{90D4DE6A-C2A1-4152-AF4C-3487C0639346}.Debug|x86.Build.0 = Debug|Win32
		{90D4DE6A-C2A1-4152-AF4C-3487C0639346}.Release|x64.ActiveCfg = Release|x64
		{90D4DE6A-C2A1-4152-AF4C-3487C0639346}.Release|x64.Build.0 = Release|x64
		{90D4DE6A-C2A1-4152-AF4C-3487C0639346}.Release|x86.ActiveCfg = Release|Win32
		{90D4DE6A-C2A1-4152-AF4C-3487C0639346}.Release|x86.Build.0 = Release|Win32
		{A81003B0-D793-4705-9175-D8F3F80E060B}.Debug|x64.ActiveCfg = Debug|x64
		{A81003B0-D793-4705-9175-D8F3F80E060B}.Debug|x64.Build.0 = Debug|x64
		{A81003B0-D793-4705-9175-D8F3F80E060B}.Debug|x86.ActiveCfg = Debug|Win32
		{A81003B0-D793-4705-9175-D8F3F80E060B}.Debug|x86.Build.0 = Debug|Win32
		{A81003B0-D793-4705-9175-D8F3F80E060B}.Release|x64.ActiveCfg = Release|x64
		{A81003B0-D793-4705-9175-D8F3F80E060B}.Release|x64.Build.0 = Release|x64
		{A81003B0-D793-4705-9175-D8F3F80E060B}.Release|x86.ActiveCfg = Release|Win32
		{A81003B0-D793-4705-9175-D8F3F80E060B}.Release|x86.Build.0 = Release|Win32
		{FE6C70BD-0711-4907-98A2-5AA5DCF95F91}.Debug|x64.ActiveCfg = Debug|x64
		{FE6C70BD-0711-4907-98A2-5AA5DCF95F91}.Debug|x64.Build.0 = Debug|x64
		{FE6C70BD-0711-4907-98A2-5AA5DCF95F91}.Debug|x86.ActiveCfg = Debug|Win32
		{FE6C70BD-0711-4907-98A2-5AA5DCF95F91}.Debug|x86.Build.0 = Debug|Win32
		{FE6C70BD-0711-4907-98A2-5AA5DCF95F91}.Release|x64.ActiveCfg = Release|x64
		{FE6C70BD-0711-4907-98A2-5AA5DCF95F91}.Release|x64.Build.0 = Release|x64
		{FE6C70BD-0711-4907-98A2-5AA5DCF95F91}.Release|x86.ActiveCfg = Release|Win32
		{FE6C70BD-0711-4907-98A2-5AA5DCF95F91}.Release|x86.Build.0 = Release|Win32
		{794E2FCD-F147-4D91-BB06-6F3A01579904}.Debug|x64.ActiveCfg = Debug|x64
		{794E2FCD-F147-4D91-BB06-6F3A01579904}.Debug|x64.Build.0 = Debug|x64
		{794E2FCD-F147-4D91-BB06-6F3A01579904}.Debug|x86.ActiveCfg = Debug|Win32
		{794E2FCD-F147-4D91-BB06-6F3A01579904}.Debug|x86.Build.0 = Debug|Win32
		{794E2FCD-F147-4D91-BB06-6F3A01579904}.Release|x64.ActiveCfg = Release|x64
		{794E2FCD-F147-4D91-BB06-6F3A01579904}.Release|x64.Build.0 = Release|x64
		{794E2FCD-F147-4D91-BB06-6F3A01579904}.Release|x86.ActiveCfg = Release|Win32
		{794E2FCD-F147-4D91-BB06-6F3A01579904}.Release|x86.Build.0 = Release|Win32
		{9B61CA3A-579B-4232-9685-7EEE0355E3D8}.Debug|x64.ActiveCfg = Debug|x64
		{9B61CA3A-579B-4232-9685-7EEE0355E3D8}.Debug|x64.Build.0 = Debug|x64
		{9B61CA3A-579B-4232-9685-7EEE0355E3D8}.Debug|x86.ActiveCfg = Debug|Win32
		{9B61CA3A-579B-4232-9685-7EEE0355E3D8}.Debug|x86.Build.0 = Debug|Win32
		{9B61CA3A-579B-4232-9685-7EEE0355E3D8}.Release|x64.ActiveCfg = Release|x64
		{9B61CA3A-579B-4232-9685-7EEE0355E3D8}.Release|x64.Build.0 = Release|x64
		{9B61CA3A-579B-4232-9685-7EEE0355E3D8}.Release|x86.ActiveCfg = Release|Win32
		{9B61CA3A-579B-4232-9685-7EEE0355E3D8}.Release|x86.Build.0 = Release|Win32
		{E758D4DB-7E32-4FAA-9201-7217E5AD20FC}.Debug|x64.ActiveCfg = Debug|x64
		{E758D4DB-7E32-4FAA-9201-7217E5AD20FC}.Debug|x64.Build.0 = Debug|x64
		{E758D4DB-7E32-4FAA-9201-7217E5AD20FC}.Debug|x86.ActiveCfg = Debug|Win32
		{E758D4DB-7E32-4FAA-9201-7217E5AD20FC}.Debug|x86.Build.0 = Debug|Win32
		{E758D4DB-7E32-4FAA-9201-7217E5AD20FC}.Release|x64.ActiveCfg = Release|x64
		{E758D4DB-7E32-4FAA-9201-7217E5AD20FC}.Release|x64.Build.0 = Release|x64
		{E758D4DB-7E32-4FAA-9201-7217E5AD20FC}.Release|x86.ActiveCfg = Release|Win32
		{E758D4DB-7E32-4FAA-9201-7217E5AD20FC}.Release|x86.Build.0 = Release|Win32
		{E8D7E8CF-23C7-46F1-9A39-BE4AAC978843}.Debug|x64.ActiveCfg = Debug|x64
		{E8D7E8CF-23C7-46F1-9A39-BE4AAC978843}.Debug|x64.Build.0 = Debug|x64
		{E8D7E8CF-23C7-46F1-9A39-BE4AAC978843}.Debug|x86.ActiveCfg = Debug|Win32
		{E8D7E8CF-23C7-46F1-9A39-BE4AAC978843}.Debug|x86.Build.0 = Debug|Win32
		{E8D7E8CF-23C7-46F1-9A39-BE4AAC978843}.Release|x64.ActiveCfg = Release|x64
		{E8D7E8CF-23C7-46F1-9A39-BE4AAC978843}.Release|x64.Build.0 = Release|x64
		{E8D7E8CF-23C7-46F1-9A39-BE4AAC978843}.Release|x86.ActiveCfg = Release|Win32
		{E8D7E8CF-23C7-46F1-9A39-BE4AAC978843}.Release|x86.Build.0 = Release|Win32
		{081C76F7-CD08-48D4-9E53-B58053682576}.Debug|x64.ActiveCfg = Debug|x64
		{081C76F7-CD08-48D4-9E53-B58053682576}.Debug|x64.Build.0 = Debug|x64
		{081C76F7-CD08-48D4-9E53-B58053682576}.Debug|x86.ActiveCfg = Debug|Win32
		{081C76F7-CD08-48D4-9E53-B58053682576}.Debug|x86.Build.0 = Debug|Win32
		{081C76F7-CD08-48D4-9E53-B58053682576}.Release|x64.ActiveCfg = Release|x64
		{081C76F7-CD08-48D4-9E53-B58053682576}.Release|x64.Build.0 = Release|x64
		{081C76F7-CD08-48D4-9E53-B58053682576}.Release|x86.ActiveCfg = Release|Win32
		{081C76F7-CD08-48D4-9E53-B58053682576}.Release|x86.Build.0 = Release|Win32
		{3ACCD652-74E1-4953-9255-6BFAE17E8A18}.Debug|x64.ActiveCfg = Debug|x64
		{3ACCD652-74E1-4953-9255-6BFAE17E8A18}.Debug|x64.Build.0 = Debug|x64
		{3ACCD652-74E1-4953-9255-6BFAE17E8A18}.Debug|x86.ActiveCfg = Debug|Win32
		{3ACCD652-74E1-4953-9255-6BFAE17E8A18}.Debug|x86.Build.0 = Debug|Win32
		{3ACCD652-74E1-4953-9255-6BFAE17E8A18}.Release|x64.ActiveCfg = Release|x64
		{3ACCD652-74E1-4953-9255-6BFAE17E8A18}.Release|x64.Build.0 = Release|x64
		{3ACCD652-74E1-4953-9255-6BFAE17E8A18}.Release|x86.ActiveCfg = Release|Win32
		{3ACCD652-74E1-4953-9255-6BFAE17E8A18}.Release|x86.Build.0 = Release|Win32
		{9F93C435-89E6-4458-829C-99304A5840FC}.Debug|x64.ActiveCfg = Debug|x64
		{9F93C435-89E6-4458-829C-99304A5840FC}.Debug|x64.Build.0 = Debug|x64
		{9F93C435-89E6-4458-829C-99304A5840FC}.Debug|x86.ActiveCfg = Debug|Win32
		{9F93C435-89E6-4458-829C-99304A5840FC}.Debug|x86.Build.0 = Debug|Win32
		{9F93C435-89E6-4458-829C-99304A5840FC}.Release|x64.ActiveCfg = Release|x64
		{9F93C435-89E6-4458-829C-99304A5840FC}.Release|x64.Build.0 = Release|x64
		{9F93C435-89E6-4458-829C-99304A5840FC}.Release|x86.ActiveCfg = Release|Win32
		{9F93C435-89E6-4458-829C-99304A5840FC}.Release|x86.Build.0 = Release|Win32
		{43E3A42C-33C0-4A18-872F-7DCC16CD227E}.Debug|x64.ActiveCfg = Debug|x64
		{43E3A42C-33C0-4A18-872F-7DCC16CD227E}.Debug|x64.Build.0 = Debug|x64
		{43E3A42C-33C0-4A18-872F-7DCC16CD227E}.Debug|x86.ActiveCfg = Debug|Win32
		{43E3A42C-33C0-4A18-872F-7DCC16CD227E}.Debug|x86.Build.0 = Debug|Win32
		{43E3A42C-33C0-4A18-872F-7DCC16CD227E}.Release|x64.ActiveCfg = Release|x64
		{43E3A42C-33C0-4A18-872F-7DCC16CD227E}.Release|x64.Build.0 = Release|x64
		{43E3A42C-33C0-4A18-872F-7DCC16CD227E}.Release|x86.ActiveCfg = Release|Win32
		{43E3A42C-33C0-4A18-872F-7DCC16CD227E}.Release|x86.Build.0 = Release|Win32
		{30671081-35EB-4A8D-A50C-C27E860F34BF}.Debug|x64.ActiveCfg = Debug|x64
		{30671081-35EB-4A8D-A50C-C27E860F34BF}.Debug|x64.Build.0 = Debug|x64
		{30671081-35EB-4A8D-A50C-C27E860F34BF}.Debug|x86.ActiveCfg = Debug|Win32
		{30671081-35EB-4A8D-A50C-C27E860F34BF}.Debug|x86.Build.0 = Debug|Win32
		{30671081-35EB-4A8D-A50C-C27E860F34BF}.Release|x64.ActiveCfg = Release|x64
		{30671081-35EB-4A8D-A50C-C27E860F34BF}.Release|x64.Build.0 = Release|x64
		{30671081-35EB-4A8D-A50C-C27E860F34BF}.Release|x86.ActiveCfg = Release|Win32
		{30671081-35EB-4A8D-A50C-C27E860F34BF}.Release|x86.Build.0 = Release|Win32
		{1563CD13-E83C-45E6-82AE-97CD058B83DE}.Debug|x64.ActiveCfg = Debug|x64
		{1563CD13-E83C-45E6-82AE-97CD058B83DE}.Debug|x64.Build.0 = Debug|x64
		{1563CD13-E83C-45E6-82AE-97CD058B83DE}.Debug|x86.ActiveCfg = Debug|Win32
		{1563CD13-E83C-45E6-82AE-97CD058B83DE}.Debug|x86.Build.0 = Debug|Win32
		{1563CD13-E83C-45E6-82AE-97CD058B83DE}.Release|x64.ActiveCfg = Release|x64
		{1563CD13-E83C-45E6-82AE-97CD058B83DE}.Release|x64.Build.0 = Release|x64
		{1563CD13-E83C-45E6-82AE-97CD058B83DE}.Release|x86.ActiveCfg = Release|Win32
		{1563CD13-E83C-45E6-82AE-97CD058B83DE}.Release|x86.Build.0 = Release|Win32
	EndGlobalSection
	GlobalSection(SolutionProperties) = preSolution
		HideSolutionNode = FALSE
	EndGlobalSection
	GlobalSection(NestedProjects) = preSolution
		{794E2FCD-F147-4D91-BB06-6F3A01579904} = {3266AEAD-6D05-440D-8DE0-141528937C0F}
		{9B61CA3A-579B-4232-9685-7EEE0355E3D8} = {3266AEAD-6D05-440D-8DE0-141528937C0F}
		{E758D4DB-7E32-4FAA-9201-7217E5AD20FC} = {3266AEAD-6D05-440D-8DE0-141528937C0F}
		{E8D7E8CF-23C7-46F1-9A39-BE4AAC978843} = {3266AEAD-6D05-440D-8DE0-141528937C0F}
		{081C76F7-CD08-48D4-9E53-B58053682576} = {3266AEAD-6D05-440D-8DE0-141528937C0F}
		{3ACCD652-74E1-4953-9255-6BFAE17E8A18} = {3266AEAD-6D05-440D-8DE0-141528937C0F}
		{9F93C435-89E6-4458-829C-99304A5840FC} = {4196FFC3-C57C-4A6B-90B8-56868582C7D1}
		{43E3A42C-33C0-4A18-872F-7DCC16CD227E} = {4196FFC3-C57C-4A6B-90B8-56868582C7D1}
	EndGlobalSection
	GlobalSection(ExtensibilityGlobals) = postSolution
		SolutionGuid = {106BB447-CA71-4D4E-848C-D730D2B1C82A}
	EndGlobalSection
EndGlobal
